
Microsoft Visual Studio Solution File, Format Version 12.00
# Visual Studio Version 17
VisualStudioVersion = 17.12.35527.113 d17.12
MinimumVisualStudioVersion = 10.0.40219.1
Project("{FAE04EC0-301F-11D3-BF4B-00C04F79EFBC}") = "CRUDExample", "CRUDExample.csproj", "{7D6B0214-8511-42D9-AD22-28E50614AE2D}"
EndProject
Project("{FAE04EC0-301F-11D3-BF4B-00C04F79EFBC}") = "CRUDTests", "..\CRUDTests\CRUDTests.csproj", "{DA8639B1-0A11-4986-BDDE-25E357392B4D}"
EndProject
Global
	GlobalSection(SolutionConfigurationPlatforms) = preSolution
		Debug|Any CPU = Debug|Any CPU
		Release|Any CPU = Release|Any CPU
	EndGlobalSection
	GlobalSection(ProjectConfigurationPlatforms) = postSolution
		{7D6B0214-8511-42D9-AD22-28E50614AE2D}.Debug|Any CPU.ActiveCfg = Debug|Any CPU
		{7D6B0214-8511-42D9-AD22-28E50614AE2D}.Debug|Any CPU.Build.0 = Debug|Any CPU
		{7D6B0214-8511-42D9-AD22-28E50614AE2D}.Release|Any CPU.ActiveCfg = Release|Any CPU
		{7D6B0214-8511-42D9-AD22-28E50614AE2D}.Release|Any CPU.Build.0 = Release|Any CPU
		{DA8639B1-0A11-4986-BDDE-25E357392B4D}.Debug|Any CPU.ActiveCfg = Debug|Any CPU
		{DA8639B1-0A11-4986-BDDE-25E357392B4D}.Debug|Any CPU.Build.0 = Debug|Any CPU
		{DA8639B1-0A11-4986-BDDE-25E357392B4D}.Release|Any CPU.ActiveCfg = Release|Any CPU
		{DA8639B1-0A11-4986-BDDE-25E357392B4D}.Release|Any CPU.Build.0 = Release|Any CPU
	EndGlobalSection
	GlobalSection(SolutionProperties) = preSolution
		HideSolutionNode = FALSE
	EndGlobalSection
EndGlobal
