
Microsoft Visual Studio Solution File, Format Version 12.00
# Visual Studio Version 17
VisualStudioVersion = 17.12.35527.113 d17.12
MinimumVisualStudioVersion = 10.0.40219.1
Project("{FAE04EC0-301F-11D3-BF4B-00C04F79EFBC}") = "DIExample", "DIExample.csproj", "{65A5CD1C-88EF-40F9-BB0D-7DCE2C58E569}"
EndProject
Project("{FAE04EC0-301F-11D3-BF4B-00C04F79EFBC}") = "Services", "..\Services\Services.csproj", "{81AAB69C-7FF0-4CEF-925F-B8C5F851C832}"
EndProject
Global
	GlobalSection(SolutionConfigurationPlatforms) = preSolution
		Debug|Any CPU = Debug|Any CPU
		Release|Any CPU = Release|Any CPU
	EndGlobalSection
	GlobalSection(ProjectConfigurationPlatforms) = postSolution
		{65A5CD1C-88EF-40F9-BB0D-7DCE2C58E569}.Debug|Any CPU.ActiveCfg = Debug|Any CPU
		{65A5CD1C-88EF-40F9-BB0D-7DCE2C58E569}.Debug|Any CPU.Build.0 = Debug|Any CPU
		{65A5CD1C-88EF-40F9-BB0D-7DCE2C58E569}.Release|Any CPU.ActiveCfg = Release|Any CPU
		{65A5CD1C-88EF-40F9-BB0D-7DCE2C58E569}.Release|Any CPU.Build.0 = Release|Any CPU
		{81AAB69C-7FF0-4CEF-925F-B8C5F851C832}.Debug|Any CPU.ActiveCfg = Debug|Any CPU
		{81AAB69C-7FF0-4CEF-925F-B8C5F851C832}.Debug|Any CPU.Build.0 = Debug|Any CPU
		{81AAB69C-7FF0-4CEF-925F-B8C5F851C832}.Release|Any CPU.ActiveCfg = Release|Any CPU
		{81AAB69C-7FF0-4CEF-925F-B8C5F851C832}.Release|Any CPU.Build.0 = Release|Any CPU
	EndGlobalSection
	GlobalSection(SolutionProperties) = preSolution
		HideSolutionNode = FALSE
	EndGlobalSection
EndGlobal
